
Microsoft Visual Studio Solution File, Format Version 12.00
# Visual Studio Version 16
VisualStudioVersion = 25.0.1703.3
MinimumVisualStudioVersion = 10.0.40219.1
Project("{FAE04EC0-301F-11D3-BF4B-00C04F79EFBC}") = "Webapp-test-mithun", "Webapp-test-mithun\Webapp-test-mithun.csproj", "{13C209E2-EF13-4170-88BA-10E86992947D}"
EndProject
Global
	GlobalSection(SolutionConfigurationPlatforms) = preSolution
		Debug|Any CPU = Debug|Any CPU
		Release|Any CPU = Release|Any CPU
	EndGlobalSection
	GlobalSection(ProjectConfigurationPlatforms) = postSolution
		{13C209E2-EF13-4170-88BA-10E86992947D}.Debug|Any CPU.ActiveCfg = Debug|Any CPU
		{13C209E2-EF13-4170-88BA-10E86992947D}.Debug|Any CPU.Build.0 = Debug|Any CPU
		{13C209E2-EF13-4170-88BA-10E86992947D}.Release|Any CPU.ActiveCfg = Release|Any CPU
		{13C209E2-EF13-4170-88BA-10E86992947D}.Release|Any CPU.Build.0 = Release|Any CPU
	EndGlobalSection
	GlobalSection(SolutionProperties) = preSolution
		HideSolutionNode = FALSE
	EndGlobalSection
	GlobalSection(ExtensibilityGlobals) = postSolution
		SolutionGuid = {B7018A0A-1A87-4ECB-A959-7F2CEA5D9B85}
	EndGlobalSection
EndGlobal
